# THIS IS AN AUTOGENERATED FILE. DO NOT EDIT THIS FILE DIRECTLY.
# yarn lockfile v1


"@types/aws-lambda@^8.10.15":
  version "8.10.15"
  resolved "https://registry.yarnpkg.com/@types/aws-lambda/-/aws-lambda-8.10.15.tgz#ea7094e9cacbcfa5e1b6b15baa12b7a438857fc7"
  integrity sha512-C8yoqVslZ0CxQBTsBIBzAlG+JfevToteoJxzqvYSWGUcnw3oBu05Pe2P/I4hg3udR9qpsCJowXA65L9NYnJbrA==

"@types/node@^10.12.12":
  version "10.12.12"
  resolved "https://registry.yarnpkg.com/@types/node/-/node-10.12.12.tgz#e15a9d034d9210f00320ef718a50c4a799417c47"
  integrity sha512-Pr+6JRiKkfsFvmU/LK68oBRCQeEg36TyAbPhc2xpez24OOZZCuoIhWGTd39VZy6nGafSbxzGouFPTFD/rR1A0A==
